// !$*UTF8*$!
{
	archiveVersion = 1;
	classes = {
	};
	objectVersion = 48;
	objects = {

/* Begin PBXBuildFile section */
		D544E7F41FABCEAB0019AC12 /* DetailViewController.swift in Sources */ = {isa = PBXBuildFile; fileRef = D544E7F31FABCEAB0019AC12 /* DetailViewController.swift */; };
		D563F26D1FACA3FE00E5BCAA /* Restaurant.swift in Sources */ = {isa = PBXBuildFile; fileRef = D563F26C1FACA3FE00E5BCAA /* Restaurant.swift */; };
		D56D6EF81FAA31BE00001871 /* AppDelegate.swift in Sources */ = {isa = PBXBuildFile; fileRef = D56D6EF71FAA31BE00001871 /* AppDelegate.swift */; };
		D56D6EFD1FAA31BE00001871 /* Main.storyboard in Resources */ = {isa = PBXBuildFile; fileRef = D56D6EFB1FAA31BE00001871 /* Main.storyboard */; };
		D56D6EFF1FAA31BE00001871 /* Assets.xcassets in Resources */ = {isa = PBXBuildFile; fileRef = D56D6EFE1FAA31BE00001871 /* Assets.xcassets */; };
		D56D6F021FAA31BE00001871 /* LaunchScreen.storyboard in Resources */ = {isa = PBXBuildFile; fileRef = D56D6F001FAA31BE00001871 /* LaunchScreen.storyboard */; };
		D56D6F0A1FAA325700001871 /* EateriasTableViewController.swift in Sources */ = {isa = PBXBuildFile; fileRef = D56D6F091FAA325700001871 /* EateriasTableViewController.swift */; };
		D56D6F0C1FAA397B00001871 /* EateriesTableViewCell.swift in Sources */ = {isa = PBXBuildFile; fileRef = D56D6F0B1FAA397B00001871 /* EateriesTableViewCell.swift */; };
/* End PBXBuildFile section */

/* Begin PBXFileReference section */
		D544E7F31FABCEAB0019AC12 /* DetailViewController.swift */ = {isa = PBXFileReference; lastKnownFileType = sourcecode.swift; path = DetailViewController.swift; sourceTree = "<group>"; };
		D563F26C1FACA3FE00E5BCAA /* Restaurant.swift */ = {isa = PBXFileReference; lastKnownFileType = sourcecode.swift; path = Restaurant.swift; sourceTree = "<group>"; };
		D56D6EF41FAA31BE00001871 /* Eaterias.app */ = {isa = PBXFileReference; explicitFileType = wrapper.application; includeInIndex = 0; path = Eaterias.app; sourceTree = BUILT_PRODUCTS_DIR; };
		D56D6EF71FAA31BE00001871 /* AppDelegate.swift */ = {isa = PBXFileReference; lastKnownFileType = sourcecode.swift; path = AppDelegate.swift; sourceTree = "<group>"; };
		D56D6EFC1FAA31BE00001871 /* Base */ = {isa = PBXFileReference; lastKnownFileType = file.storyboard; name = Base; path = Base.lproj/Main.storyboard; sourceTree = "<group>"; };
		D56D6EFE1FAA31BE00001871 /* Assets.xcassets */ = {isa = PBXFileReference; lastKnownFileType = folder.assetcatalog; path = Assets.xcassets; sourceTree = "<group>"; };
		D56D6F011FAA31BE00001871 /* Base */ = {isa = PBXFileReference; lastKnownFileType = file.storyboard; name = Base; path = Base.lproj/LaunchScreen.storyboard; sourceTree = "<group>"; };
		D56D6F031FAA31BE00001871 /* Info.plist */ = {isa = PBXFileReference; lastKnownFileType = text.plist.xml; path = Info.plist; sourceTree = "<group>"; };
		D56D6F091FAA325700001871 /* EateriasTableViewController.swift */ = {isa = PBXFileReference; lastKnownFileType = sourcecode.swift; path = EateriasTableViewController.swift; sourceTree = "<group>"; };
		D56D6F0B1FAA397B00001871 /* EateriesTableViewCell.swift */ = {isa = PBXFileReference; lastKnownFileType = sourcecode.swift; path = EateriesTableViewCell.swift; sourceTree = "<group>"; };
/* End PBXFileReference section */

/* Begin PBXFrameworksBuildPhase section */
		D56D6EF11FAA31BE00001871 /* Frameworks */ = {
			isa = PBXFrameworksBuildPhase;
			buildActionMask = 2147483647;
			files = (
			);
			runOnlyForDeploymentPostprocessing = 0;
		};
/* End PBXFrameworksBuildPhase section */

/* Begin PBXGroup section */
		D56D6EEB1FAA31BE00001871 = {
			isa = PBXGroup;
			children = (
				D56D6EF61FAA31BE00001871 /* Eaterias */,
				D56D6EF51FAA31BE00001871 /* Products */,
			);
			sourceTree = "<group>";
		};
		D56D6EF51FAA31BE00001871 /* Products */ = {
			isa = PBXGroup;
			children = (
				D56D6EF41FAA31BE00001871 /* Eaterias.app */,
			);
			name = Products;
			sourceTree = "<group>";
		};
		D56D6EF61FAA31BE00001871 /* Eaterias */ = {
			isa = PBXGroup;
			children = (
				D56D6EF71FAA31BE00001871 /* AppDelegate.swift */,
				D56D6EFB1FAA31BE00001871 /* Main.storyboard */,
				D56D6F091FAA325700001871 /* EateriasTableViewController.swift */,
				D56D6EFE1FAA31BE00001871 /* Assets.xcassets */,
				D56D6F001FAA31BE00001871 /* LaunchScreen.storyboard */,
				D56D6F031FAA31BE00001871 /* Info.plist */,
				D56D6F0B1FAA397B00001871 /* EateriesTableViewCell.swift */,
				D544E7F31FABCEAB0019AC12 /* DetailViewController.swift */,
				D563F26C1FACA3FE00E5BCAA /* Restaurant.swift */,
			);
			path = Eaterias;
			sourceTree = "<group>";
		};
/* End PBXGroup section */

/* Begin PBXNativeTarget section */
		D56D6EF31FAA31BE00001871 /* Eaterias */ = {
			isa = PBXNativeTarget;
			buildConfigurationList = D56D6F061FAA31BE00001871 /* Build configuration list for PBXNativeTarget "Eaterias" */;
			buildPhases = (
				D56D6EF01FAA31BE00001871 /* Sources */,
				D56D6EF11FAA31BE00001871 /* Frameworks */,
				D56D6EF21FAA31BE00001871 /* Resources */,
			);
			buildRules = (
			);
			dependencies = (
			);
			name = Eaterias;
			productName = Eaterias;
			productReference = D56D6EF41FAA31BE00001871 /* Eaterias.app */;
			productType = "com.apple.product-type.application";
		};
/* End PBXNativeTarget section */

/* Begin PBXProject section */
		D56D6EEC1FAA31BE00001871 /* Project object */ = {
			isa = PBXProject;
			attributes = {
				LastSwiftUpdateCheck = 0900;
				LastUpgradeCheck = 0900;
				ORGANIZATIONNAME = "Serg Kalinin";
				TargetAttributes = {
					D56D6EF31FAA31BE00001871 = {
						CreatedOnToolsVersion = 9.0;
						ProvisioningStyle = Automatic;
					};
				};
			};
			buildConfigurationList = D56D6EEF1FAA31BE00001871 /* Build configuration list for PBXProject "Eaterias" */;
			compatibilityVersion = "Xcode 8.0";
			developmentRegion = en;
			hasScannedForEncodings = 0;
			knownRegions = (
				en,
				Base,
			);
			mainGroup = D56D6EEB1FAA31BE00001871;
			productRefGroup = D56D6EF51FAA31BE00001871 /* Products */;
			projectDirPath = "";
			projectRoot = "";
			targets = (
				D56D6EF31FAA31BE00001871 /* Eaterias */,
			);
		};
/* End PBXProject section */

/* Begin PBXResourcesBuildPhase section */
		D56D6EF21FAA31BE00001871 /* Resources */ = {
			isa = PBXResourcesBuildPhase;
			buildActionMask = 2147483647;
			files = (
				D56D6F021FAA31BE00001871 /* LaunchScreen.storyboard in Resources */,
				D56D6EFF1FAA31BE00001871 /* Assets.xcassets in Resources */,
				D56D6EFD1FAA31BE00001871 /* Main.storyboard in Resources */,
			);
			runOnlyForDeploymentPostprocessing = 0;
		};
/* End PBXResourcesBuildPhase section */

/* Begin PBXSourcesBuildPhase section */
		D56D6EF01FAA31BE00001871 /* Sources */ = {
			isa = PBXSourcesBuildPhase;
			buildActionMask = 2147483647;
			files = (
				D563F26D1FACA3FE00E5BCAA /* Restaurant.swift in Sources */,
				D56D6EF81FAA31BE00001871 /* AppDelegate.swift in Sources */,
				D56D6F0A1FAA325700001871 /* EateriasTableViewController.swift in Sources */,
				D56D6F0C1FAA397B00001871 /* EateriesTableViewCell.swift in Sources */,
				D544E7F41FABCEAB0019AC12 /* DetailViewController.swift in Sources */,
			);
			runOnlyForDeploymentPostprocessing = 0;
		};
/* End PBXSourcesBuildPhase section */

/* Begin PBXVariantGroup section */
		D56D6EFB1FAA31BE00001871 /* Main.storyboard */ = {
			isa = PBXVariantGroup;
			children = (
				D56D6EFC1FAA31BE00001871 /* Base */,
			);
			name = Main.storyboard;
			sourceTree = "<group>";
		};
		D56D6F001FAA31BE00001871 /* LaunchScreen.storyboard */ = {
			isa = PBXVariantGroup;
			children = (
				D56D6F011FAA31BE00001871 /* Base */,
			);
			name = LaunchScreen.storyboard;
			sourceTree = "<group>";
		};
/* End PBXVariantGroup section */

/* Begin XCBuildConfiguration section */
		D56D6F041FAA31BE00001871 /* Debug */ = {
			isa = XCBuildConfiguration;
			buildSettings = {
				ALWAYS_SEARCH_USER_PATHS = NO;
				CLANG_ANALYZER_NONNULL = YES;
				CLANG_ANALYZER_NUMBER_OBJECT_CONVERSION = YES_AGGRESSIVE;
				CLANG_CXX_LANGUAGE_STANDARD = "gnu++14";
				CLANG_CXX_LIBRARY = "libc++";
				CLANG_ENABLE_MODULES = YES;
				CLANG_ENABLE_OBJC_ARC = YES;
				CLANG_WARN_BLOCK_CAPTURE_AUTORELEASING = YES;
				CLANG_WARN_BOOL_CONVERSION = YES;
				CLANG_WARN_COMMA = YES;
				CLANG_WARN_CONSTANT_CONVERSION = YES;
				CLANG_WARN_DIRECT_OBJC_ISA_USAGE = YES_ERROR;
				CLANG_WARN_DOCUMENTATION_COMMENTS = YES;
				CLANG_WARN_EMPTY_BODY = YES;
				CLANG_WARN_ENUM_CONVERSION = YES;
				CLANG_WARN_INFINITE_RECURSION = YES;
				CLANG_WARN_INT_CONVERSION = YES;
				CLANG_WARN_NON_LITERAL_NULL_CONVERSION = YES;
				CLANG_WARN_OBJC_LITERAL_CONVERSION = YES;
				CLANG_WARN_OBJC_ROOT_CLASS = YES_ERROR;
				CLANG_WARN_RANGE_LOOP_ANALYSIS = YES;
				CLANG_WARN_STRICT_PROTOTYPES = YES;
				CLANG_WARN_SUSPICIOUS_MOVE = YES;
				CLANG_WARN_UNGUARDED_AVAILABILITY = YES_AGGRESSIVE;
				CLANG_WARN_UNREACHABLE_CODE = YES;
				CLANG_WARN__DUPLICATE_METHOD_MATCH = YES;
				CODE_SIGN_IDENTITY = "iPhone Developer";
				COPY_PHASE_STRIP = NO;
				DEBUG_INFORMATION_FORMAT = dwarf;
				ENABLE_STRICT_OBJC_MSGSEND = YES;
				ENABLE_TESTABILITY = YES;
				GCC_C_LANGUAGE_STANDARD = gnu11;
				GCC_DYNAMIC_NO_PIC = NO;
				GCC_NO_COMMON_BLOCKS = YES;
				GCC_OPTIMIZATION_LEVEL = 0;
				GCC_PREPROCESSOR_DEFINITIONS = (
					"DEBUG=1",
					"$(inherited)",
				);
				GCC_WARN_64_TO_32_BIT_CONVERSION = YES;
				GCC_WARN_ABOUT_RETURN_TYPE = YES_ERROR;
				GCC_WARN_UNDECLARED_SELECTOR = YES;
				GCC_WARN_UNINITIALIZED_AUTOS = YES_AGGRESSIVE;
				GCC_WARN_UNUSED_FUNCTION = YES;
				GCC_WARN_UNUSED_VARIABLE = YES;
				IPHONEOS_DEPLOYMENT_TARGET = 11.0;
				MTL_ENABLE_DEBUG_INFO = YES;
				ONLY_ACTIVE_ARCH = YES;
				SDKROOT = iphoneos;
				SWIFT_ACTIVE_COMPILATION_CONDITIONS = DEBUG;
				SWIFT_OPTIMIZATION_LEVEL = "-Onone";
			};
			name = Debug;
		};
		D56D6F051FAA31BE00001871 /* Release */ = {
			isa = XCBuildConfiguration;
			buildSettings = {
				ALWAYS_SEARCH_USER_PATHS = NO;
				CLANG_ANALYZER_NONNULL = YES;
				CLANG_ANALYZER_NUMBER_OBJECT_CONVERSION = YES_AGGRESSIVE;
				CLANG_CXX_LANGUAGE_STANDARD = "gnu++14";
				CLANG_CXX_LIBRARY = "libc++";
				CLANG_ENABLE_MODULES = YES;
				CLANG_ENABLE_OBJC_ARC = YES;
				CLANG_WARN_BLOCK_CAPTURE_AUTORELEASING = YES;
				CLANG_WARN_BOOL_CONVERSION = YES;
				CLANG_WARN_COMMA = YES;
				CLANG_WARN_CONSTANT_CONVERSION = YES;
				CLANG_WARN_DIRECT_OBJC_ISA_USAGE = YES_ERROR;
				CLANG_WARN_DOCUMENTATION_COMMENTS = YES;
				CLANG_WARN_EMPTY_BODY = YES;
				CLANG_WARN_ENUM_CONVERSION = YES;
				CLANG_WARN_INFINITE_RECURSION = YES;
				CLANG_WARN_INT_CONVERSION = YES;
				CLANG_WARN_NON_LITERAL_NULL_CONVERSION = YES;
				CLANG_WARN_OBJC_LITERAL_CONVERSION = YES;
				CLANG_WARN_OBJC_ROOT_CLASS = YES_ERROR;
				CLANG_WARN_RANGE_LOOP_ANALYSIS = YES;
				CLANG_WARN_STRICT_PROTOTYPES = YES;
				CLANG_WARN_SUSPICIOUS_MOVE = YES;
				CLANG_WARN_UNGUARDED_AVAILABILITY = YES_AGGRESSIVE;
				CLANG_WARN_UNREACHABLE_CODE = YES;
				CLANG_WARN__DUPLICATE_METHOD_MATCH = YES;
				CODE_SIGN_IDENTITY = "iPhone Developer";
				COPY_PHASE_STRIP = NO;
				DEBUG_INFORMATION_FORMAT = "dwarf-with-dsym";
				ENABLE_NS_ASSERTIONS = NO;
				ENABLE_STRICT_OBJC_MSGSEND = YES;
				GCC_C_LANGUAGE_STANDARD = gnu11;
				GCC_NO_COMMON_BLOCKS = YES;
				GCC_WARN_64_TO_32_BIT_CONVERSION = YES;
				GCC_WARN_ABOUT_RETURN_TYPE = YES_ERROR;
				GCC_WARN_UNDECLARED_SELECTOR = YES;
				GCC_WARN_UNINITIALIZED_AUTOS = YES_AGGRESSIVE;
				GCC_WARN_UNUSED_FUNCTION = YES;
				GCC_WARN_UNUSED_VARIABLE = YES;
				IPHONEOS_DEPLOYMENT_TARGET = 11.0;
				MTL_ENABLE_DEBUG_INFO = NO;
				SDKROOT = iphoneos;
				SWIFT_OPTIMIZATION_LEVEL = "-Owholemodule";
				VALIDATE_PRODUCT = YES;
			};
			name = Release;
		};
		D56D6F071FAA31BE00001871 /* Debug */ = {
			isa = XCBuildConfiguration;
			buildSettings = {
				ASSETCATALOG_COMPILER_APPICON_NAME = AppIcon;
				CODE_SIGN_STYLE = Automatic;
				INFOPLIST_FILE = Eaterias/Info.plist;
				LD_RUNPATH_SEARCH_PATHS = "$(inherited) @executable_path/Frameworks";
				PRODUCT_BUNDLE_IDENTIFIER = ru.dserg.ios.Eaterias;
				PRODUCT_NAME = "$(TARGET_NAME)";
				SWIFT_VERSION = 4.0;
				TARGETED_DEVICE_FAMILY = "1,2";
			};
			name = Debug;
		};
		D56D6F081FAA31BE00001871 /* Release */ = {
			isa = XCBuildConfiguration;
			buildSettings = {
				ASSETCATALOG_COMPILER_APPICON_NAME = AppIcon;
				CODE_SIGN_STYLE = Automatic;
				INFOPLIST_FILE = Eaterias/Info.plist;
				LD_RUNPATH_SEARCH_PATHS = "$(inherited) @executable_path/Frameworks";
				PRODUCT_BUNDLE_IDENTIFIER = ru.dserg.ios.Eaterias;
				PRODUCT_NAME = "$(TARGET_NAME)";
				SWIFT_VERSION = 4.0;
				TARGETED_DEVICE_FAMILY = "1,2";
			};
			name = Release;
		};
/* End XCBuildConfiguration section */

/* Begin XCConfigurationList section */
		D56D6EEF1FAA31BE00001871 /* Build configuration list for PBXProject "Eaterias" */ = {
			isa = XCConfigurationList;
			buildConfigurations = (
				D56D6F041FAA31BE00001871 /* Debug */,
				D56D6F051FAA31BE00001871 /* Release */,
			);
			defaultConfigurationIsVisible = 0;
			defaultConfigurationName = Release;
		};
		D56D6F061FAA31BE00001871 /* Build configuration list for PBXNativeTarget "Eaterias" */ = {
			isa = XCConfigurationList;
			buildConfigurations = (
				D56D6F071FAA31BE00001871 /* Debug */,
				D56D6F081FAA31BE00001871 /* Release */,
			);
			defaultConfigurationIsVisible = 0;
			defaultConfigurationName = Release;
		};
/* End XCConfigurationList section */
	};
	rootObject = D56D6EEC1FAA31BE00001871 /* Project object */;
}
